PODS:
  - Mantle (2.1.0):
    - Mantle/extobjc (= 2.1.0)
  - Mantle/extobjc (2.1.0)

DEPENDENCIES:
  - Mantle

SPEC REPOS:
  https://github.com/cocoapods/specs.git:
    - Mantle

SPEC CHECKSUMS:
  Mantle: 2fa750afa478cd625a94230fbf1c13462f29395b

PODFILE CHECKSUM: b85d6bec829d8bb25cebf02aebbcc8af4d22a9c9

COCOAPODS: 1.5.3
